{
  "name": "vite-dynamic-import-polyfill-example",
  "version": "0.0.0",
  "lockfileVersion": 2,
  "requires": true,
  "packages": {
    "": {
      "version": "0.0.0",
      "devDependencies": {
        "dynamic-import-polyfill": "^0.1.1",
        "vite": "../vite/packages/vite"
      }
    },
    "../vite/packages/vite": {
      "version": "2.3.0",
      "dev": true,
      "license": "MIT",
      "dependencies": {
        "esbuild": "^0.11.19",
        "postcss": "^8.2.1",
        "resolve": "^1.19.0",
        "rollup": "^2.38.5"
      },
      "bin": {
        "vite": "bin/vite.js"
      },
      "devDependencies": {
        "@ampproject/remapping": "^1.0.1",
        "@rollup/plugin-alias": "^3.1.1",
        "@rollup/plugin-commonjs": "^17.0.0",
        "@rollup/plugin-dynamic-import-vars": "^1.1.1",
        "@rollup/plugin-json": "^4.1.0",
        "@rollup/plugin-node-resolve": "^11.0.1",
        "@rollup/plugin-typescript": "^8.2.1",
        "@rollup/pluginutils": "^4.1.0",
        "@types/clean-css": "^4.2.3",
        "@types/convert-source-map": "^1.5.1",
        "@types/debug": "^4.1.5",
        "@types/es-module-lexer": "^0.3.0",
        "@types/estree": "^0.0.45",
        "@types/etag": "^1.8.0",
        "@types/less": "^3.0.2",
        "@types/mime": "^2.0.3",
        "@types/node": "^14.14.10",
        "@types/resolve": "^1.17.1",
        "@types/sass": "^1.16.0",
        "@types/stylus": "^0.48.33",
        "@types/ws": "^7.4.0",
        "@vue/compiler-dom": "^3.0.4",
        "acorn": "^8.0.4",
        "acorn-class-fields": "^0.3.7",
        "acorn-numeric-separator": "^0.3.6",
        "acorn-static-class-features": "^0.2.4",
        "brotli-size": "^4.0.0",
        "builtin-modules": "^3.2.0",
        "cac": "^6.6.1",
        "chalk": "^4.1.0",
        "chokidar": "^3.5.1",
        "clean-css": "^4.2.3",
        "compression": "^1.7.4",
        "connect": "^3.7.0",
        "connect-history-api-fallback": "^1.6.0",
        "convert-source-map": "^1.7.0",
        "cors": "^2.8.5",
        "debug": "^4.3.1",
        "dotenv": "^8.2.0",
        "dotenv-expand": "^5.1.0",
        "enquirer": "^2.3.6",
        "es-module-lexer": "^0.4.0",
        "estree-walker": "^2.0.2",
        "etag": "^1.8.1",
        "execa": "^5.0.0",
        "fast-glob": "^3.2.4",
        "http-proxy": "^1.18.1",
        "launch-editor-middleware": "^2.2.1",
        "magic-string": "^0.25.7",
        "mime": "^2.4.7",
        "minimatch": "^3.0.4",
        "okie": "^1.0.1",
        "open": "^7.4.2",
        "open-in-editor": "^2.2.0",
        "periscopic": "^2.0.3",
        "postcss-import": "^13.0.0",
        "postcss-load-config": "^3.0.0",
        "postcss-modules": "^4.0.0",
        "resolve.exports": "^1.0.1",
        "rollup-plugin-license": "^2.2.0",
        "selfsigned": "^1.10.8",
        "sirv": "^1.0.10",
        "source-map": "^0.6.1",
        "source-map-support": "^0.5.19",
        "strip-ansi": "^6.0.0",
        "terser": "^5.5.1",
        "tslib": "^2.0.3",
        "types": "link:./types",
        "ws": "^7.4.1"
      },
      "engines": {
        "node": ">=12.0.0"
      },
      "optionalDependencies": {
        "fsevents": "~2.3.1"
      }
    },
    "node_modules/dynamic-import-polyfill": {
      "version": "0.1.1",
      "resolved": "https://registry.npmjs.org/dynamic-import-polyfill/-/dynamic-import-polyfill-0.1.1.tgz",
      "integrity": "sha512-m953zv0w5oDagTItWm6Auhmk/pY7EiejaqiVbnzSS3HIjh1FCUeK7WzuaVtWPNs58A+/xpIE+/dVk6pKsrua8g==",
      "dev": true
    },
    "node_modules/vite": {
      "resolved": "../vite/packages/vite",
      "link": true
    }
  },
  "dependencies": {
    "dynamic-import-polyfill": {
      "version": "0.1.1",
      "resolved": "https://registry.npmjs.org/dynamic-import-polyfill/-/dynamic-import-polyfill-0.1.1.tgz",
      "integrity": "sha512-m953zv0w5oDagTItWm6Auhmk/pY7EiejaqiVbnzSS3HIjh1FCUeK7WzuaVtWPNs58A+/xpIE+/dVk6pKsrua8g==",
      "dev": true
    },
    "vite": {
      "version": "file:../vite/packages/vite",
      "requires": {
        "@ampproject/remapping": "^1.0.1",
        "@rollup/plugin-alias": "^3.1.1",
        "@rollup/plugin-commonjs": "^17.0.0",
        "@rollup/plugin-dynamic-import-vars": "^1.1.1",
        "@rollup/plugin-json": "^4.1.0",
        "@rollup/plugin-node-resolve": "^11.0.1",
        "@rollup/plugin-typescript": "^8.2.1",
        "@rollup/pluginutils": "^4.1.0",
        "@types/clean-css": "^4.2.3",
        "@types/convert-source-map": "^1.5.1",
        "@types/debug": "^4.1.5",
        "@types/es-module-lexer": "^0.3.0",
        "@types/estree": "^0.0.45",
        "@types/etag": "^1.8.0",
        "@types/less": "^3.0.2",
        "@types/mime": "^2.0.3",
        "@types/node": "^14.14.10",
        "@types/resolve": "^1.17.1",
        "@types/sass": "^1.16.0",
        "@types/stylus": "^0.48.33",
        "@types/ws": "^7.4.0",
        "@vue/compiler-dom": "^3.0.4",
        "acorn": "^8.0.4",
        "acorn-class-fields": "^0.3.7",
        "acorn-numeric-separator": "^0.3.6",
        "acorn-static-class-features": "^0.2.4",
        "brotli-size": "^4.0.0",
        "builtin-modules": "^3.2.0",
        "cac": "^6.6.1",
        "chalk": "^4.1.0",
        "chokidar": "^3.5.1",
        "clean-css": "^4.2.3",
        "compression": "^1.7.4",
        "connect": "^3.7.0",
        "connect-history-api-fallback": "^1.6.0",
        "convert-source-map": "^1.7.0",
        "cors": "^2.8.5",
        "debug": "^4.3.1",
        "dotenv": "^8.2.0",
        "dotenv-expand": "^5.1.0",
        "enquirer": "^2.3.6",
        "es-module-lexer": "^0.4.0",
        "esbuild": "^0.11.19",
        "estree-walker": "^2.0.2",
        "etag": "^1.8.1",
        "execa": "^5.0.0",
        "fast-glob": "^3.2.4",
        "fsevents": "~2.3.1",
        "http-proxy": "^1.18.1",
        "launch-editor-middleware": "^2.2.1",
        "magic-string": "^0.25.7",
        "mime": "^2.4.7",
        "minimatch": "^3.0.4",
        "okie": "^1.0.1",
        "open": "^7.4.2",
        "open-in-editor": "^2.2.0",
        "periscopic": "^2.0.3",
        "postcss": "^8.2.1",
        "postcss-import": "^13.0.0",
        "postcss-load-config": "^3.0.0",
        "postcss-modules": "^4.0.0",
        "resolve": "^1.19.0",
        "resolve.exports": "^1.0.1",
        "rollup": "^2.38.5",
        "rollup-plugin-license": "^2.2.0",
        "selfsigned": "^1.10.8",
        "sirv": "^1.0.10",
        "source-map": "^0.6.1",
        "source-map-support": "^0.5.19",
        "strip-ansi": "^6.0.0",
        "terser": "^5.5.1",
        "tslib": "^2.0.3",
        "types": "link:./types",
        "ws": "^7.4.1"
      }
    }
  }
}
